{
  "name": "mcp-toolz-glama-deps",
  "version": "1.0.0",
  "lockfileVersion": 3,
  "requires": true,
  "packages": {
    "": {
      "name": "mcp-toolz-glama-deps",
      "version": "1.0.0",
      "dependencies": {
        "mcp-proxy": "5.12.5",
        "pnpm": "^11.0.0-alpha.3"
      }
    },
    "node_modules/mcp-proxy": {
      "version": "5.12.5",
      "resolved": "https://registry.npmjs.org/mcp-proxy/-/mcp-proxy-5.12.5.tgz",
      "integrity": "sha512-Vawdc8vi36fXxKCaDpluRvbGcmrUXJdvXcDhkh30HYsws8XqX2rWPBflZpavzeS+6SwijRFV7g+9ypQRJZlrEQ==",
      "license": "MIT",
      "bin": {
        "mcp-proxy": "dist/bin/mcp-proxy.mjs"
      }
    },
    "node_modules/pnpm": {
      "version": "11.0.0-alpha.3",
      "resolved": "https://registry.npmjs.org/pnpm/-/pnpm-11.0.0-alpha.3.tgz",
      "integrity": "sha512-czHZ+RNJ1Dr4VSFMzA3jYZlCfNuhmF/sPs21Iu1ewrDnUraSKSOLMhBfEjT015QXzkKTpFw+PrzPqmIfIBq7UQ==",
      "license": "MIT",
      "bin": {
        "pnpm": "bin/pnpm.mjs",
        "pnpx": "bin/pnpx.mjs"
      },
      "engines": {
        "node": ">=20.19"
      },
      "funding": {
        "url": "https://opencollective.com/pnpm"
      }
    }
  }
}
